
Microsoft Visual Studio Solution File, Format Version 12.00
# Visual Studio 2013
VisualStudioVersion = 12.0.40629.0
MinimumVisualStudioVersion = 10.0.40219.1
Project("{2150E333-8FDC-42A3-9474-1A3956D46DE8}") = "ExportProjects", "ExportProjects", "{15E5F3F2-A9F0-4A5F-9C00-5D3CAB0D3291}"
EndProject
Project("{2150E333-8FDC-42A3-9474-1A3956D46DE8}") = "SensorsProjects", "SensorsProjects", "{87F59412-742F-40CE-A8DE-C40DD531500A}"
EndProject
Project("{FAE04EC0-301F-11D3-BF4B-00C04F79EFBC}") = "CSVExport_vs2013", "..\..\ExportProjects\CSVExport\CSVExport_vs2013.csproj", "{5092480D-79BF-421D-9E3E-F13E62AE16E2}"
EndProject
Project("{FAE04EC0-301F-11D3-BF4B-00C04F79EFBC}") = "MT211ModemExport_vs2013", "..\..\ExportProjects\MT211ModemExport\MT211ModemExport_vs2013.csproj", "{A1D0FF50-2286-409E-A317-1BD3582CE0FA}"
EndProject
Project("{FAE04EC0-301F-11D3-BF4B-00C04F79EFBC}") = "HML155_Analog_Humidity_vs2013", "..\..\SensorProjects\HML155_Analog_Humidity\HML155_Analog_Humidity_vs2013.csproj", "{8753EBE2-8320-40A9-B733-613BE0F3A92B}"
EndProject
Project("{FAE04EC0-301F-11D3-BF4B-00C04F79EFBC}") = "HML155_Analog_Temperature_vs2013", "..\..\SensorProjects\HML155_Analog_Temperature\HML155_Analog_Temperature_vs2013.csproj", "{7AA7AFEC-DA0C-463B-8E3A-27A90CD1FB7E}"
EndProject
Project("{FAE04EC0-301F-11D3-BF4B-00C04F79EFBC}") = "HML155_RS485_vs2013", "..\..\SensorProjects\HML155_RS485\HML155_RS485_vs2013.csproj", "{DD23FD08-19E8-4313-8396-E31BD8A5B9BA}"
EndProject
Project("{FAE04EC0-301F-11D3-BF4B-00C04F79EFBC}") = "PT100_Analog_Temperature_vs2013", "..\..\SensorProjects\PT100_Analog_Temperature\PT100_Analog_Temperature_vs2013.csproj", "{F8F89F94-B09F-4ECA-9816-B4E52B59E744}"
EndProject
Project("{FAE04EC0-301F-11D3-BF4B-00C04F79EFBC}") = "WAA151_Anemometer_vs2013", "..\..\SensorProjects\WAA151_Anemometer\WAA151_Anemometer_vs2013.csproj", "{09E7780A-845B-4804-BF32-E53E7AFC36EE}"
EndProject
Project("{FAE04EC0-301F-11D3-BF4B-00C04F79EFBC}") = "WAV151_WindVane_vs2013", "..\..\SensorProjects\WAV151_WindVane\WAV151_WindVane_vs2013.csproj", "{A401046B-3788-44B8-959F-DCA683949B00}"
EndProject
Global
	GlobalSection(SolutionConfigurationPlatforms) = preSolution
		Debug|Any CPU = Debug|Any CPU
		Release|Any CPU = Release|Any CPU
	EndGlobalSection
	GlobalSection(ProjectConfigurationPlatforms) = postSolution
		{5092480D-79BF-421D-9E3E-F13E62AE16E2}.Debug|Any CPU.ActiveCfg = Debug|Any CPU
		{5092480D-79BF-421D-9E3E-F13E62AE16E2}.Debug|Any CPU.Build.0 = Debug|Any CPU
		{5092480D-79BF-421D-9E3E-F13E62AE16E2}.Release|Any CPU.ActiveCfg = Release|Any CPU
		{5092480D-79BF-421D-9E3E-F13E62AE16E2}.Release|Any CPU.Build.0 = Release|Any CPU
		{A1D0FF50-2286-409E-A317-1BD3582CE0FA}.Debug|Any CPU.ActiveCfg = Debug|Any CPU
		{A1D0FF50-2286-409E-A317-1BD3582CE0FA}.Debug|Any CPU.Build.0 = Debug|Any CPU
		{A1D0FF50-2286-409E-A317-1BD3582CE0FA}.Release|Any CPU.ActiveCfg = Release|Any CPU
		{A1D0FF50-2286-409E-A317-1BD3582CE0FA}.Release|Any CPU.Build.0 = Release|Any CPU
		{8753EBE2-8320-40A9-B733-613BE0F3A92B}.Debug|Any CPU.ActiveCfg = Debug|Any CPU
		{8753EBE2-8320-40A9-B733-613BE0F3A92B}.Debug|Any CPU.Build.0 = Debug|Any CPU
		{8753EBE2-8320-40A9-B733-613BE0F3A92B}.Release|Any CPU.ActiveCfg = Release|Any CPU
		{8753EBE2-8320-40A9-B733-613BE0F3A92B}.Release|Any CPU.Build.0 = Release|Any CPU
		{7AA7AFEC-DA0C-463B-8E3A-27A90CD1FB7E}.Debug|Any CPU.ActiveCfg = Debug|Any CPU
		{7AA7AFEC-DA0C-463B-8E3A-27A90CD1FB7E}.Debug|Any CPU.Build.0 = Debug|Any CPU
		{7AA7AFEC-DA0C-463B-8E3A-27A90CD1FB7E}.Release|Any CPU.ActiveCfg = Release|Any CPU
		{7AA7AFEC-DA0C-463B-8E3A-27A90CD1FB7E}.Release|Any CPU.Build.0 = Release|Any CPU
		{DD23FD08-19E8-4313-8396-E31BD8A5B9BA}.Debug|Any CPU.ActiveCfg = Debug|Any CPU
		{DD23FD08-19E8-4313-8396-E31BD8A5B9BA}.Debug|Any CPU.Build.0 = Debug|Any CPU
		{DD23FD08-19E8-4313-8396-E31BD8A5B9BA}.Release|Any CPU.ActiveCfg = Release|Any CPU
		{DD23FD08-19E8-4313-8396-E31BD8A5B9BA}.Release|Any CPU.Build.0 = Release|Any CPU
		{F8F89F94-B09F-4ECA-9816-B4E52B59E744}.Debug|Any CPU.ActiveCfg = Debug|Any CPU
		{F8F89F94-B09F-4ECA-9816-B4E52B59E744}.Debug|Any CPU.Build.0 = Debug|Any CPU
		{F8F89F94-B09F-4ECA-9816-B4E52B59E744}.Release|Any CPU.ActiveCfg = Release|Any CPU
		{F8F89F94-B09F-4ECA-9816-B4E52B59E744}.Release|Any CPU.Build.0 = Release|Any CPU
		{09E7780A-845B-4804-BF32-E53E7AFC36EE}.Debug|Any CPU.ActiveCfg = Debug|Any CPU
		{09E7780A-845B-4804-BF32-E53E7AFC36EE}.Debug|Any CPU.Build.0 = Debug|Any CPU
		{09E7780A-845B-4804-BF32-E53E7AFC36EE}.Release|Any CPU.ActiveCfg = Release|Any CPU
		{09E7780A-845B-4804-BF32-E53E7AFC36EE}.Release|Any CPU.Build.0 = Release|Any CPU
		{A401046B-3788-44B8-959F-DCA683949B00}.Debug|Any CPU.ActiveCfg = Debug|Any CPU
		{A401046B-3788-44B8-959F-DCA683949B00}.Debug|Any CPU.Build.0 = Debug|Any CPU
		{A401046B-3788-44B8-959F-DCA683949B00}.Release|Any CPU.ActiveCfg = Release|Any CPU
		{A401046B-3788-44B8-959F-DCA683949B00}.Release|Any CPU.Build.0 = Release|Any CPU
	EndGlobalSection
	GlobalSection(SolutionProperties) = preSolution
		HideSolutionNode = FALSE
	EndGlobalSection
	GlobalSection(NestedProjects) = preSolution
		{5092480D-79BF-421D-9E3E-F13E62AE16E2} = {15E5F3F2-A9F0-4A5F-9C00-5D3CAB0D3291}
		{A1D0FF50-2286-409E-A317-1BD3582CE0FA} = {15E5F3F2-A9F0-4A5F-9C00-5D3CAB0D3291}
		{8753EBE2-8320-40A9-B733-613BE0F3A92B} = {87F59412-742F-40CE-A8DE-C40DD531500A}
		{7AA7AFEC-DA0C-463B-8E3A-27A90CD1FB7E} = {87F59412-742F-40CE-A8DE-C40DD531500A}
		{DD23FD08-19E8-4313-8396-E31BD8A5B9BA} = {87F59412-742F-40CE-A8DE-C40DD531500A}
		{F8F89F94-B09F-4ECA-9816-B4E52B59E744} = {87F59412-742F-40CE-A8DE-C40DD531500A}
		{09E7780A-845B-4804-BF32-E53E7AFC36EE} = {87F59412-742F-40CE-A8DE-C40DD531500A}
		{A401046B-3788-44B8-959F-DCA683949B00} = {87F59412-742F-40CE-A8DE-C40DD531500A}
	EndGlobalSection
EndGlobal
